
Microsoft Visual Studio Solution File, Format Version 12.00
# Visual Studio Version 17
VisualStudioVersion = 17.0.32014.148
MinimumVisualStudioVersion = 10.0.40219.1
Project("{FAE04EC0-301F-11D3-BF4B-00C04F79EFBC}") = "DiningPhilosophers.Problem", "DiningPhilosophers.Problem\DiningPhilosophers.Problem.csproj", "{3440C900-FEFC-48A0-B396-89C0D161D53D}"
EndProject
Project("{FAE04EC0-301F-11D3-BF4B-00C04F79EFBC}") = "DiningPhilosophers.Sol1", "DiningPhilosophers.Sol1\DiningPhilosophers.Sol1.csproj", "{B48EF7F5-1A19-4404-B3A2-C0869A8F18A9}"
EndProject
Project("{FAE04EC0-301F-11D3-BF4B-00C04F79EFBC}") = "DiningPhilosophers.Sol2", "DiningPhilosophers.Sol2\DiningPhilosophers.Sol2.csproj", "{249F1EFD-6C85-4CEF-9EE6-F7242E4089F0}"
EndProject
Global
	GlobalSection(SolutionConfigurationPlatforms) = preSolution
		Debug|Any CPU = Debug|Any CPU
		Release|Any CPU = Release|Any CPU
	EndGlobalSection
	GlobalSection(ProjectConfigurationPlatforms) = postSolution
		{3440C900-FEFC-48A0-B396-89C0D161D53D}.Debug|Any CPU.ActiveCfg = Debug|Any CPU
		{3440C900-FEFC-48A0-B396-89C0D161D53D}.Debug|Any CPU.Build.0 = Debug|Any CPU
		{3440C900-FEFC-48A0-B396-89C0D161D53D}.Release|Any CPU.ActiveCfg = Release|Any CPU
		{3440C900-FEFC-48A0-B396-89C0D161D53D}.Release|Any CPU.Build.0 = Release|Any CPU
		{B48EF7F5-1A19-4404-B3A2-C0869A8F18A9}.Debug|Any CPU.ActiveCfg = Debug|Any CPU
		{B48EF7F5-1A19-4404-B3A2-C0869A8F18A9}.Debug|Any CPU.Build.0 = Debug|Any CPU
		{B48EF7F5-1A19-4404-B3A2-C0869A8F18A9}.Release|Any CPU.ActiveCfg = Release|Any CPU
		{B48EF7F5-1A19-4404-B3A2-C0869A8F18A9}.Release|Any CPU.Build.0 = Release|Any CPU
		{249F1EFD-6C85-4CEF-9EE6-F7242E4089F0}.Debug|Any CPU.ActiveCfg = Debug|Any CPU
		{249F1EFD-6C85-4CEF-9EE6-F7242E4089F0}.Debug|Any CPU.Build.0 = Debug|Any CPU
		{249F1EFD-6C85-4CEF-9EE6-F7242E4089F0}.Release|Any CPU.ActiveCfg = Release|Any CPU
		{249F1EFD-6C85-4CEF-9EE6-F7242E4089F0}.Release|Any CPU.Build.0 = Release|Any CPU
	EndGlobalSection
	GlobalSection(SolutionProperties) = preSolution
		HideSolutionNode = FALSE
	EndGlobalSection
	GlobalSection(ExtensibilityGlobals) = postSolution
		SolutionGuid = {017DA555-096A-4BF0-B8E8-3BAC480FBCDA}
	EndGlobalSection
EndGlobal
